
Microsoft Visual Studio Solution File, Format Version 12.00
# Visual Studio Version 16
VisualStudioVersion = 16.0.29509.3
MinimumVisualStudioVersion = 10.0.40219.1
Project("{9A19103F-16F7-4668-BE54-9A1E7A4F7556}") = "EnumerableSequencesTest", "EnumerableSequencesTest\EnumerableSequencesTest.csproj", "{6A4F5300-6442-4FC2-9804-D0D5CE3FFA90}"
EndProject
Project("{9A19103F-16F7-4668-BE54-9A1E7A4F7556}") = "EnumerableSequences", "EnumerableSequences\EnumerableSequences.csproj", "{5794A528-7C0B-416E-8837-7F9F4733B06B}"
EndProject
Project("{9A19103F-16F7-4668-BE54-9A1E7A4F7556}") = "BinarySearch", "BinarySearch\BinarySearch.csproj", "{C8DF2491-E284-47D8-BD76-434ACEF5B049}"
EndProject
Project("{9A19103F-16F7-4668-BE54-9A1E7A4F7556}") = "BinarySearchTests", "BinarySearchTests\BinarySearchTests.csproj", "{9BC82D4E-3C43-49EF-B895-9199967EBD2E}"
EndProject
Project("{9A19103F-16F7-4668-BE54-9A1E7A4F7556}") = "BinarySearchTree", "BinarySearchTree\BinarySearchTree.csproj", "{B742D244-8F80-4EED-AC8D-44A5AD917F1E}"
EndProject
Project("{FAE04EC0-301F-11D3-BF4B-00C04F79EFBC}") = "BinarySearchTreeTests", "BinarySearchTreeTests\BinarySearchTreeTests.csproj", "{2D7F8FA8-181A-40E8-9638-80B6C0399859}"
EndProject
Global
	GlobalSection(SolutionConfigurationPlatforms) = preSolution
		Debug|Any CPU = Debug|Any CPU
		Release|Any CPU = Release|Any CPU
	EndGlobalSection
	GlobalSection(ProjectConfigurationPlatforms) = postSolution
		{6A4F5300-6442-4FC2-9804-D0D5CE3FFA90}.Debug|Any CPU.ActiveCfg = Debug|Any CPU
		{6A4F5300-6442-4FC2-9804-D0D5CE3FFA90}.Debug|Any CPU.Build.0 = Debug|Any CPU
		{6A4F5300-6442-4FC2-9804-D0D5CE3FFA90}.Release|Any CPU.ActiveCfg = Release|Any CPU
		{6A4F5300-6442-4FC2-9804-D0D5CE3FFA90}.Release|Any CPU.Build.0 = Release|Any CPU
		{5794A528-7C0B-416E-8837-7F9F4733B06B}.Debug|Any CPU.ActiveCfg = Debug|Any CPU
		{5794A528-7C0B-416E-8837-7F9F4733B06B}.Debug|Any CPU.Build.0 = Debug|Any CPU
		{5794A528-7C0B-416E-8837-7F9F4733B06B}.Release|Any CPU.ActiveCfg = Release|Any CPU
		{5794A528-7C0B-416E-8837-7F9F4733B06B}.Release|Any CPU.Build.0 = Release|Any CPU
		{C8DF2491-E284-47D8-BD76-434ACEF5B049}.Debug|Any CPU.ActiveCfg = Debug|Any CPU
		{C8DF2491-E284-47D8-BD76-434ACEF5B049}.Debug|Any CPU.Build.0 = Debug|Any CPU
		{C8DF2491-E284-47D8-BD76-434ACEF5B049}.Release|Any CPU.ActiveCfg = Release|Any CPU
		{C8DF2491-E284-47D8-BD76-434ACEF5B049}.Release|Any CPU.Build.0 = Release|Any CPU
		{9BC82D4E-3C43-49EF-B895-9199967EBD2E}.Debug|Any CPU.ActiveCfg = Debug|Any CPU
		{9BC82D4E-3C43-49EF-B895-9199967EBD2E}.Debug|Any CPU.Build.0 = Debug|Any CPU
		{9BC82D4E-3C43-49EF-B895-9199967EBD2E}.Release|Any CPU.ActiveCfg = Release|Any CPU
		{9BC82D4E-3C43-49EF-B895-9199967EBD2E}.Release|Any CPU.Build.0 = Release|Any CPU
		{B742D244-8F80-4EED-AC8D-44A5AD917F1E}.Debug|Any CPU.ActiveCfg = Debug|Any CPU
		{B742D244-8F80-4EED-AC8D-44A5AD917F1E}.Debug|Any CPU.Build.0 = Debug|Any CPU
		{B742D244-8F80-4EED-AC8D-44A5AD917F1E}.Release|Any CPU.ActiveCfg = Release|Any CPU
		{B742D244-8F80-4EED-AC8D-44A5AD917F1E}.Release|Any CPU.Build.0 = Release|Any CPU
		{2D7F8FA8-181A-40E8-9638-80B6C0399859}.Debug|Any CPU.ActiveCfg = Debug|Any CPU
		{2D7F8FA8-181A-40E8-9638-80B6C0399859}.Debug|Any CPU.Build.0 = Debug|Any CPU
		{2D7F8FA8-181A-40E8-9638-80B6C0399859}.Release|Any CPU.ActiveCfg = Release|Any CPU
		{2D7F8FA8-181A-40E8-9638-80B6C0399859}.Release|Any CPU.Build.0 = Release|Any CPU
	EndGlobalSection
	GlobalSection(SolutionProperties) = preSolution
		HideSolutionNode = FALSE
	EndGlobalSection
	GlobalSection(ExtensibilityGlobals) = postSolution
		SolutionGuid = {F72409DB-B181-40B8-8AA9-26BA2C0AC4BD}
	EndGlobalSection
EndGlobal
